// !$*UTF8*$!
{
	archiveVersion = 1;
	classes = {
	};
	objectVersion = 51;
	objects = {

/* Begin PBXBuildFile section */
		5E82B96FE72FDBFA153B37F7 /* Pods_Donor.framework in Frameworks */ = {isa = PBXBuildFile; fileRef = 9F3839BBA1FF6E2F47043367 /* Pods_Donor.framework */; };
		91274C2E24A371A9004C020D /* AppDelegate.swift in Sources */ = {isa = PBXBuildFile; fileRef = 91274C2D24A371A9004C020D /* AppDelegate.swift */; };
		91274C3224A371A9004C020D /* ViewController.swift in Sources */ = {isa = PBXBuildFile; fileRef = 91274C3124A371A9004C020D /* ViewController.swift */; };
		91274C3524A371A9004C020D /* Main.storyboard in Resources */ = {isa = PBXBuildFile; fileRef = 91274C3324A371A9004C020D /* Main.storyboard */; };
		91274C3724A371AA004C020D /* Assets.xcassets in Resources */ = {isa = PBXBuildFile; fileRef = 91274C3624A371AA004C020D /* Assets.xcassets */; };
		91274C3A24A371AA004C020D /* LaunchScreen.storyboard in Resources */ = {isa = PBXBuildFile; fileRef = 91274C3824A371AA004C020D /* LaunchScreen.storyboard */; };
		91377B1F24A4FD6500B450DF /* GoogleService-Info.plist in Resources */ = {isa = PBXBuildFile; fileRef = 91377B1E24A4FD6500B450DF /* GoogleService-Info.plist */; };
		91377B2524A7956400B450DF /* PatientViewController.swift in Sources */ = {isa = PBXBuildFile; fileRef = 91377B2424A7956400B450DF /* PatientViewController.swift */; };
		9185165624ADE4E200F6B838 /* LocationService.swift in Sources */ = {isa = PBXBuildFile; fileRef = 9185165524ADE4E200F6B838 /* LocationService.swift */; };
		9185165C24AE5EB700F6B838 /* LocationServiceDelegate.swift in Sources */ = {isa = PBXBuildFile; fileRef = 9185165B24AE5EB700F6B838 /* LocationServiceDelegate.swift */; };
/* End PBXBuildFile section */

/* Begin PBXFileReference section */
		2C5B2370E0030D2061A80B64 /* Pods-Donor.release.xcconfig */ = {isa = PBXFileReference; includeInIndex = 1; lastKnownFileType = text.xcconfig; name = "Pods-Donor.release.xcconfig"; path = "Target Support Files/Pods-Donor/Pods-Donor.release.xcconfig"; sourceTree = "<group>"; };
		91274C2A24A371A9004C020D /* Donor.app */ = {isa = PBXFileReference; explicitFileType = wrapper.application; includeInIndex = 0; path = Donor.app; sourceTree = BUILT_PRODUCTS_DIR; };
		91274C2D24A371A9004C020D /* AppDelegate.swift */ = {isa = PBXFileReference; lastKnownFileType = sourcecode.swift; path = AppDelegate.swift; sourceTree = "<group>"; };
		91274C3124A371A9004C020D /* ViewController.swift */ = {isa = PBXFileReference; lastKnownFileType = sourcecode.swift; path = ViewController.swift; sourceTree = "<group>"; };
		91274C3424A371A9004C020D /* Base */ = {isa = PBXFileReference; lastKnownFileType = file.storyboard; name = Base; path = Base.lproj/Main.storyboard; sourceTree = "<group>"; };
		91274C3624A371AA004C020D /* Assets.xcassets */ = {isa = PBXFileReference; lastKnownFileType = folder.assetcatalog; path = Assets.xcassets; sourceTree = "<group>"; };
		91274C3924A371AA004C020D /* Base */ = {isa = PBXFileReference; lastKnownFileType = file.storyboard; name = Base; path = Base.lproj/LaunchScreen.storyboard; sourceTree = "<group>"; };
		91274C3B24A371AA004C020D /* Info.plist */ = {isa = PBXFileReference; lastKnownFileType = text.plist.xml; path = Info.plist; sourceTree = "<group>"; };
		91377B1E24A4FD6500B450DF /* GoogleService-Info.plist */ = {isa = PBXFileReference; fileEncoding = 4; lastKnownFileType = text.plist.xml; path = "GoogleService-Info.plist"; sourceTree = "<group>"; };
		91377B2424A7956400B450DF /* PatientViewController.swift */ = {isa = PBXFileReference; lastKnownFileType = sourcecode.swift; path = PatientViewController.swift; sourceTree = "<group>"; };
		9185165524ADE4E200F6B838 /* LocationService.swift */ = {isa = PBXFileReference; lastKnownFileType = sourcecode.swift; path = LocationService.swift; sourceTree = "<group>"; };
		9185165B24AE5EB700F6B838 /* LocationServiceDelegate.swift */ = {isa = PBXFileReference; lastKnownFileType = sourcecode.swift; path = LocationServiceDelegate.swift; sourceTree = "<group>"; };
		9F3839BBA1FF6E2F47043367 /* Pods_Donor.framework */ = {isa = PBXFileReference; explicitFileType = wrapper.framework; includeInIndex = 0; path = Pods_Donor.framework; sourceTree = BUILT_PRODUCTS_DIR; };
		F629AB4ED40A168EA7C3DE52 /* Pods-Donor.debug.xcconfig */ = {isa = PBXFileReference; includeInIndex = 1; lastKnownFileType = text.xcconfig; name = "Pods-Donor.debug.xcconfig"; path = "Target Support Files/Pods-Donor/Pods-Donor.debug.xcconfig"; sourceTree = "<group>"; };
/* End PBXFileReference section */

/* Begin PBXFrameworksBuildPhase section */
		91274C2724A371A9004C020D /* Frameworks */ = {
			isa = PBXFrameworksBuildPhase;
			buildActionMask = 2147483647;
			files = (
				5E82B96FE72FDBFA153B37F7 /* Pods_Donor.framework in Frameworks */,
			);
			runOnlyForDeploymentPostprocessing = 0;
		};
/* End PBXFrameworksBuildPhase section */

/* Begin PBXGroup section */
		43AC1EF9CDD5E0585E527CB5 /* Frameworks */ = {
			isa = PBXGroup;
			children = (
				9F3839BBA1FF6E2F47043367 /* Pods_Donor.framework */,
			);
			name = Frameworks;
			sourceTree = "<group>";
		};
		91274C2124A371A9004C020D = {
			isa = PBXGroup;
			children = (
				91274C2C24A371A9004C020D /* Donor */,
				91274C2B24A371A9004C020D /* Products */,
				B8A06182CB6B445F8C11C4D6 /* Pods */,
				43AC1EF9CDD5E0585E527CB5 /* Frameworks */,
			);
			sourceTree = "<group>";
		};
		91274C2B24A371A9004C020D /* Products */ = {
			isa = PBXGroup;
			children = (
				91274C2A24A371A9004C020D /* Donor.app */,
			);
			name = Products;
			sourceTree = "<group>";
		};
		91274C2C24A371A9004C020D /* Donor */ = {
			isa = PBXGroup;
			children = (
				91274C2D24A371A9004C020D /* AppDelegate.swift */,
				91274C3124A371A9004C020D /* ViewController.swift */,
				91377B2424A7956400B450DF /* PatientViewController.swift */,
				91274C3324A371A9004C020D /* Main.storyboard */,
				9185165724AE5E4500F6B838 /* Services */,
				9185165824AE5E6200F6B838 /* Helpers */,
				91274C3624A371AA004C020D /* Assets.xcassets */,
				91274C3824A371AA004C020D /* LaunchScreen.storyboard */,
				91274C3B24A371AA004C020D /* Info.plist */,
				91377B1E24A4FD6500B450DF /* GoogleService-Info.plist */,
			);
			path = Donor;
			sourceTree = "<group>";
		};
		9185165724AE5E4500F6B838 /* Services */ = {
			isa = PBXGroup;
			children = (
				9185165524ADE4E200F6B838 /* LocationService.swift */,
			);
			path = Services;
			sourceTree = "<group>";
		};
		9185165824AE5E6200F6B838 /* Helpers */ = {
			isa = PBXGroup;
			children = (
				9185165B24AE5EB700F6B838 /* LocationServiceDelegate.swift */,
			);
			path = Helpers;
			sourceTree = "<group>";
		};
		B8A06182CB6B445F8C11C4D6 /* Pods */ = {
			isa = PBXGroup;
			children = (
				F629AB4ED40A168EA7C3DE52 /* Pods-Donor.debug.xcconfig */,
				2C5B2370E0030D2061A80B64 /* Pods-Donor.release.xcconfig */,
			);
			path = Pods;
			sourceTree = "<group>";
		};
/* End PBXGroup section */

/* Begin PBXNativeTarget section */
		91274C2924A371A9004C020D /* Donor */ = {
			isa = PBXNativeTarget;
			buildConfigurationList = 91274C3E24A371AB004C020D /* Build configuration list for PBXNativeTarget "Donor" */;
			buildPhases = (
				DB7DAFB5CCAE9DF93E33CAF2 /* [CP] Check Pods Manifest.lock */,
				91274C2624A371A9004C020D /* Sources */,
				91274C2724A371A9004C020D /* Frameworks */,
				91274C2824A371A9004C020D /* Resources */,
				6628F419786823502F5C0A33 /* [CP] Embed Pods Frameworks */,
			);
			buildRules = (
			);
			dependencies = (
			);
			name = Donor;
			productName = Donor;
			productReference = 91274C2A24A371A9004C020D /* Donor.app */;
			productType = "com.apple.product-type.application";
		};
/* End PBXNativeTarget section */

/* Begin PBXProject section */
		91274C2224A371A9004C020D /* Project object */ = {
			isa = PBXProject;
			attributes = {
				LastSwiftUpdateCheck = 1130;
				LastUpgradeCheck = 1130;
				ORGANIZATIONNAME = "Egor Tereshonok";
				TargetAttributes = {
					91274C2924A371A9004C020D = {
						CreatedOnToolsVersion = 11.3.1;
					};
				};
			};
			buildConfigurationList = 91274C2524A371A9004C020D /* Build configuration list for PBXProject "Donor" */;
			compatibilityVersion = "Xcode 9.3";
			developmentRegion = en;
			hasScannedForEncodings = 0;
			knownRegions = (
				en,
				Base,
			);
			mainGroup = 91274C2124A371A9004C020D;
			productRefGroup = 91274C2B24A371A9004C020D /* Products */;
			projectDirPath = "";
			projectRoot = "";
			targets = (
				91274C2924A371A9004C020D /* Donor */,
			);
		};
/* End PBXProject section */

/* Begin PBXResourcesBuildPhase section */
		91274C2824A371A9004C020D /* Resources */ = {
			isa = PBXResourcesBuildPhase;
			buildActionMask = 2147483647;
			files = (
				91274C3A24A371AA004C020D /* LaunchScreen.storyboard in Resources */,
				91377B1F24A4FD6500B450DF /* GoogleService-Info.plist in Resources */,
				91274C3724A371AA004C020D /* Assets.xcassets in Resources */,
				91274C3524A371A9004C020D /* Main.storyboard in Resources */,
			);
			runOnlyForDeploymentPostprocessing = 0;
		};
/* End PBXResourcesBuildPhase section */

/* Begin PBXShellScriptBuildPhase section */
		6628F419786823502F5C0A33 /* [CP] Embed Pods Frameworks */ = {
			isa = PBXShellScriptBuildPhase;
			buildActionMask = 2147483647;
			files = (
			);
			inputFileListPaths = (
				"${PODS_ROOT}/Target Support Files/Pods-Donor/Pods-Donor-frameworks-${CONFIGURATION}-input-files.xcfilelist",
			);
			name = "[CP] Embed Pods Frameworks";
			outputFileListPaths = (
				"${PODS_ROOT}/Target Support Files/Pods-Donor/Pods-Donor-frameworks-${CONFIGURATION}-output-files.xcfilelist",
			);
			runOnlyForDeploymentPostprocessing = 0;
			shellPath = /bin/sh;
			shellScript = "\"${PODS_ROOT}/Target Support Files/Pods-Donor/Pods-Donor-frameworks.sh\"\n";
			showEnvVarsInLog = 0;
		};
		DB7DAFB5CCAE9DF93E33CAF2 /* [CP] Check Pods Manifest.lock */ = {
			isa = PBXShellScriptBuildPhase;
			buildActionMask = 2147483647;
			files = (
			);
			inputFileListPaths = (
			);
			inputPaths = (
				"${PODS_PODFILE_DIR_PATH}/Podfile.lock",
				"${PODS_ROOT}/Manifest.lock",
			);
			name = "[CP] Check Pods Manifest.lock";
			outputFileListPaths = (
			);
			outputPaths = (
				"$(DERIVED_FILE_DIR)/Pods-Donor-checkManifestLockResult.txt",
			);
			runOnlyForDeploymentPostprocessing = 0;
			shellPath = /bin/sh;
			shellScript = "diff \"${PODS_PODFILE_DIR_PATH}/Podfile.lock\" \"${PODS_ROOT}/Manifest.lock\" > /dev/null\nif [ $? != 0 ] ; then\n    # print error to STDERR\n    echo \"error: The sandbox is not in sync with the Podfile.lock. Run 'pod install' or update your CocoaPods installation.\" >&2\n    exit 1\nfi\n# This output is used by Xcode 'outputs' to avoid re-running this script phase.\necho \"SUCCESS\" > \"${SCRIPT_OUTPUT_FILE_0}\"\n";
			showEnvVarsInLog = 0;
		};
/* End PBXShellScriptBuildPhase section */

/* Begin PBXSourcesBuildPhase section */
		91274C2624A371A9004C020D /* Sources */ = {
			isa = PBXSourcesBuildPhase;
			buildActionMask = 2147483647;
			files = (
				91274C3224A371A9004C020D /* ViewController.swift in Sources */,
				9185165C24AE5EB700F6B838 /* LocationServiceDelegate.swift in Sources */,
				91274C2E24A371A9004C020D /* AppDelegate.swift in Sources */,
				9185165624ADE4E200F6B838 /* LocationService.swift in Sources */,
				91377B2524A7956400B450DF /* PatientViewController.swift in Sources */,
			);
			runOnlyForDeploymentPostprocessing = 0;
		};
/* End PBXSourcesBuildPhase section */

/* Begin PBXVariantGroup section */
		91274C3324A371A9004C020D /* Main.storyboard */ = {
			isa = PBXVariantGroup;
			children = (
				91274C3424A371A9004C020D /* Base */,
			);
			name = Main.storyboard;
			sourceTree = "<group>";
		};
		91274C3824A371AA004C020D /* LaunchScreen.storyboard */ = {
			isa = PBXVariantGroup;
			children = (
				91274C3924A371AA004C020D /* Base */,
			);
			name = LaunchScreen.storyboard;
			sourceTree = "<group>";
		};
/* End PBXVariantGroup section */

/* Begin XCBuildConfiguration section */
		91274C3C24A371AA004C020D /* Debug */ = {
			isa = XCBuildConfiguration;
			buildSettings = {
				ALWAYS_SEARCH_USER_PATHS = NO;
				CLANG_ANALYZER_NONNULL = YES;
				CLANG_ANALYZER_NUMBER_OBJECT_CONVERSION = YES_AGGRESSIVE;
				CLANG_CXX_LANGUAGE_STANDARD = "gnu++14";
				CLANG_CXX_LIBRARY = "libc++";
				CLANG_ENABLE_MODULES = YES;
				CLANG_ENABLE_OBJC_ARC = YES;
				CLANG_ENABLE_OBJC_WEAK = YES;
				CLANG_WARN_BLOCK_CAPTURE_AUTORELEASING = YES;
				CLANG_WARN_BOOL_CONVERSION = YES;
				CLANG_WARN_COMMA = YES;
				CLANG_WARN_CONSTANT_CONVERSION = YES;
				CLANG_WARN_DEPRECATED_OBJC_IMPLEMENTATIONS = YES;
				CLANG_WARN_DIRECT_OBJC_ISA_USAGE = YES_ERROR;
				CLANG_WARN_DOCUMENTATION_COMMENTS = YES;
				CLANG_WARN_EMPTY_BODY = YES;
				CLANG_WARN_ENUM_CONVERSION = YES;
				CLANG_WARN_INFINITE_RECURSION = YES;
				CLANG_WARN_INT_CONVERSION = YES;
				CLANG_WARN_NON_LITERAL_NULL_CONVERSION = YES;
				CLANG_WARN_OBJC_IMPLICIT_RETAIN_SELF = YES;
				CLANG_WARN_OBJC_LITERAL_CONVERSION = YES;
				CLANG_WARN_OBJC_ROOT_CLASS = YES_ERROR;
				CLANG_WARN_RANGE_LOOP_ANALYSIS = YES;
				CLANG_WARN_STRICT_PROTOTYPES = YES;
				CLANG_WARN_SUSPICIOUS_MOVE = YES;
				CLANG_WARN_UNGUARDED_AVAILABILITY = YES_AGGRESSIVE;
				CLANG_WARN_UNREACHABLE_CODE = YES;
				CLANG_WARN__DUPLICATE_METHOD_MATCH = YES;
				COPY_PHASE_STRIP = NO;
				DEBUG_INFORMATION_FORMAT = dwarf;
				ENABLE_STRICT_OBJC_MSGSEND = YES;
				ENABLE_TESTABILITY = YES;
				GCC_C_LANGUAGE_STANDARD = gnu11;
				GCC_DYNAMIC_NO_PIC = NO;
				GCC_NO_COMMON_BLOCKS = YES;
				GCC_OPTIMIZATION_LEVEL = 0;
				GCC_PREPROCESSOR_DEFINITIONS = (
					"DEBUG=1",
					"$(inherited)",
				);
				GCC_WARN_64_TO_32_BIT_CONVERSION = YES;
				GCC_WARN_ABOUT_RETURN_TYPE = YES_ERROR;
				GCC_WARN_UNDECLARED_SELECTOR = YES;
				GCC_WARN_UNINITIALIZED_AUTOS = YES_AGGRESSIVE;
				GCC_WARN_UNUSED_FUNCTION = YES;
				GCC_WARN_UNUSED_VARIABLE = YES;
				IPHONEOS_DEPLOYMENT_TARGET = 13.2;
				MTL_ENABLE_DEBUG_INFO = INCLUDE_SOURCE;
				MTL_FAST_MATH = YES;
				ONLY_ACTIVE_ARCH = YES;
				SDKROOT = iphoneos;
				SWIFT_ACTIVE_COMPILATION_CONDITIONS = DEBUG;
				SWIFT_OPTIMIZATION_LEVEL = "-Onone";
			};
			name = Debug;
		};
		91274C3D24A371AA004C020D /* Release */ = {
			isa = XCBuildConfiguration;
			buildSettings = {
				ALWAYS_SEARCH_USER_PATHS = NO;
				CLANG_ANALYZER_NONNULL = YES;
				CLANG_ANALYZER_NUMBER_OBJECT_CONVERSION = YES_AGGRESSIVE;
				CLANG_CXX_LANGUAGE_STANDARD = "gnu++14";
				CLANG_CXX_LIBRARY = "libc++";
				CLANG_ENABLE_MODULES = YES;
				CLANG_ENABLE_OBJC_ARC = YES;
				CLANG_ENABLE_OBJC_WEAK = YES;
				CLANG_WARN_BLOCK_CAPTURE_AUTORELEASING = YES;
				CLANG_WARN_BOOL_CONVERSION = YES;
				CLANG_WARN_COMMA = YES;
				CLANG_WARN_CONSTANT_CONVERSION = YES;
				CLANG_WARN_DEPRECATED_OBJC_IMPLEMENTATIONS = YES;
				CLANG_WARN_DIRECT_OBJC_ISA_USAGE = YES_ERROR;
				CLANG_WARN_DOCUMENTATION_COMMENTS = YES;
				CLANG_WARN_EMPTY_BODY = YES;
				CLANG_WARN_ENUM_CONVERSION = YES;
				CLANG_WARN_INFINITE_RECURSION = YES;
				CLANG_WARN_INT_CONVERSION = YES;
				CLANG_WARN_NON_LITERAL_NULL_CONVERSION = YES;
				CLANG_WARN_OBJC_IMPLICIT_RETAIN_SELF = YES;
				CLANG_WARN_OBJC_LITERAL_CONVERSION = YES;
				CLANG_WARN_OBJC_ROOT_CLASS = YES_ERROR;
				CLANG_WARN_RANGE_LOOP_ANALYSIS = YES;
				CLANG_WARN_STRICT_PROTOTYPES = YES;
				CLANG_WARN_SUSPICIOUS_MOVE = YES;
				CLANG_WARN_UNGUARDED_AVAILABILITY = YES_AGGRESSIVE;
				CLANG_WARN_UNREACHABLE_CODE = YES;
				CLANG_WARN__DUPLICATE_METHOD_MATCH = YES;
				COPY_PHASE_STRIP = NO;
				DEBUG_INFORMATION_FORMAT = "dwarf-with-dsym";
				ENABLE_NS_ASSERTIONS = NO;
				ENABLE_STRICT_OBJC_MSGSEND = YES;
				GCC_C_LANGUAGE_STANDARD = gnu11;
				GCC_NO_COMMON_BLOCKS = YES;
				GCC_WARN_64_TO_32_BIT_CONVERSION = YES;
				GCC_WARN_ABOUT_RETURN_TYPE = YES_ERROR;
				GCC_WARN_UNDECLARED_SELECTOR = YES;
				GCC_WARN_UNINITIALIZED_AUTOS = YES_AGGRESSIVE;
				GCC_WARN_UNUSED_FUNCTION = YES;
				GCC_WARN_UNUSED_VARIABLE = YES;
				IPHONEOS_DEPLOYMENT_TARGET = 13.2;
				MTL_ENABLE_DEBUG_INFO = NO;
				MTL_FAST_MATH = YES;
				SDKROOT = iphoneos;
				SWIFT_COMPILATION_MODE = wholemodule;
				SWIFT_OPTIMIZATION_LEVEL = "-O";
				VALIDATE_PRODUCT = YES;
			};
			name = Release;
		};
		91274C3F24A371AB004C020D /* Debug */ = {
			isa = XCBuildConfiguration;
			baseConfigurationReference = F629AB4ED40A168EA7C3DE52 /* Pods-Donor.debug.xcconfig */;
			buildSettings = {
				ASSETCATALOG_COMPILER_APPICON_NAME = AppIcon;
				CODE_SIGN_STYLE = Automatic;
				INFOPLIST_FILE = Donor/Info.plist;
				IPHONEOS_DEPLOYMENT_TARGET = 11.0;
				LD_RUNPATH_SEARCH_PATHS = (
					"$(inherited)",
					"@executable_path/Frameworks",
				);
				PRODUCT_BUNDLE_IDENTIFIER = egortereshonok.Donor;
				PRODUCT_NAME = "$(TARGET_NAME)";
				SWIFT_VERSION = 5.0;
				TARGETED_DEVICE_FAMILY = "1,2";
			};
			name = Debug;
		};
		91274C4024A371AB004C020D /* Release */ = {
			isa = XCBuildConfiguration;
			baseConfigurationReference = 2C5B2370E0030D2061A80B64 /* Pods-Donor.release.xcconfig */;
			buildSettings = {
				ASSETCATALOG_COMPILER_APPICON_NAME = AppIcon;
				CODE_SIGN_STYLE = Automatic;
				INFOPLIST_FILE = Donor/Info.plist;
				IPHONEOS_DEPLOYMENT_TARGET = 11.0;
				LD_RUNPATH_SEARCH_PATHS = (
					"$(inherited)",
					"@executable_path/Frameworks",
				);
				PRODUCT_BUNDLE_IDENTIFIER = egortereshonok.Donor;
				PRODUCT_NAME = "$(TARGET_NAME)";
				SWIFT_VERSION = 5.0;
				TARGETED_DEVICE_FAMILY = "1,2";
			};
			name = Release;
		};
/* End XCBuildConfiguration section */

/* Begin XCConfigurationList section */
		91274C2524A371A9004C020D /* Build configuration list for PBXProject "Donor" */ = {
			isa = XCConfigurationList;
			buildConfigurations = (
				91274C3C24A371AA004C020D /* Debug */,
				91274C3D24A371AA004C020D /* Release */,
			);
			defaultConfigurationIsVisible = 0;
			defaultConfigurationName = Release;
		};
		91274C3E24A371AB004C020D /* Build configuration list for PBXNativeTarget "Donor" */ = {
			isa = XCConfigurationList;
			buildConfigurations = (
				91274C3F24A371AB004C020D /* Debug */,
				91274C4024A371AB004C020D /* Release */,
			);
			defaultConfigurationIsVisible = 0;
			defaultConfigurationName = Release;
		};
/* End XCConfigurationList section */
	};
	rootObject = 91274C2224A371A9004C020D /* Project object */;
}
